PODS:
  - Alamofire (3.4.0)
  - AlamofireObjectMapper (3.0.0):
    - Alamofire (~> 3.2)
    - ObjectMapper (~> 1.0)
  - BigBoard (0.1.0):
    - AlamofireObjectMapper (~> 3.0)
    - Timepiece
  - ObjectMapper (1.3.0)
  - Timepiece (0.4.2)

DEPENDENCIES:
  - AlamofireObjectMapper (~> 3.0)
  - BigBoard (from `../`)

EXTERNAL SOURCES:
  BigBoard:
    :path: "../"

SPEC CHECKSUMS:
  Alamofire: c19a627cefd6a95f840401c49ab1f124e07f54ee
  AlamofireObjectMapper: 2d16585d06177be0116d76de73497e77437798af
  BigBoard: 8832d326660d958034f284f1d20145f04950fd72
  ObjectMapper: 4eb08a726e9791a93b2632049951b56a7c17e471
  Timepiece: cf53bb908bf542acc0e3d5f69cabfed869df4ebd

COCOAPODS: 0.39.0
